
Microsoft Visual Studio Solution File, Format Version 12.00
# Visual Studio Version 17
VisualStudioVersion = 17.13.35931.197
MinimumVisualStudioVersion = 10.0.40219.1
Project("{FAE04EC0-301F-11D3-BF4B-00C04F79EFBC}") = "SyncServer", "SyncServer.csproj", "{EF4B4A4D-43C2-49D4-A2DD-1CCFE23F138E}"
	ProjectSection(ProjectDependencies) = postProject
		{5F10E9CE-B25A-4963-862B-05CA6F3268BE} = {5F10E9CE-B25A-4963-862B-05CA6F3268BE}
		{7DAD5B89-7951-412A-88BE-8FEE963D9877} = {7DAD5B89-7951-412A-88BE-8FEE963D9877}
		{CC466AF4-FC97-48EF-86D9-6A269CD64F94} = {CC466AF4-FC97-48EF-86D9-6A269CD64F94}
		{DC7F32CA-E3A8-4C30-AABB-2E31F863DE7D} = {DC7F32CA-E3A8-4C30-AABB-2E31F863DE7D}
	EndProjectSection
EndProject
Project("{FAE04EC0-301F-11D3-BF4B-00C04F79EFBC}") = "SyncClient", "..\SyncClient\SyncClient.csproj", "{5ACBE7E1-C1D9-463F-B2BB-CA3C76C4E5AF}"
	ProjectSection(ProjectDependencies) = postProject
		{26B990A4-4C4C-4277-BD9D-54EFF2728231} = {26B990A4-4C4C-4277-BD9D-54EFF2728231}
		{427E7936-9B29-4265-8F95-D3A59F6BB13D} = {427E7936-9B29-4265-8F95-D3A59F6BB13D}
		{52C40EB8-7DB1-4682-B42B-3F53754741BE} = {52C40EB8-7DB1-4682-B42B-3F53754741BE}
		{6E3E6CAA-820C-4E9F-95B6-009E449791BD} = {6E3E6CAA-820C-4E9F-95B6-009E449791BD}
	EndProjectSection
EndProject
Project("{FAE04EC0-301F-11D3-BF4B-00C04F79EFBC}") = "Server.Core", "..\Server.Core\Server.Core.csproj", "{7DAD5B89-7951-412A-88BE-8FEE963D9877}"
EndProject
Project("{FAE04EC0-301F-11D3-BF4B-00C04F79EFBC}") = "Server.FileSystem", "..\Server.FileSystem\Server.FileSystem.csproj", "{CC466AF4-FC97-48EF-86D9-6A269CD64F94}"
	ProjectSection(ProjectDependencies) = postProject
		{7DAD5B89-7951-412A-88BE-8FEE963D9877} = {7DAD5B89-7951-412A-88BE-8FEE963D9877}
	EndProjectSection
EndProject
Project("{FAE04EC0-301F-11D3-BF4B-00C04F79EFBC}") = "Server.Storage", "..\Server.Storage\Server.Storage.csproj", "{5F10E9CE-B25A-4963-862B-05CA6F3268BE}"
	ProjectSection(ProjectDependencies) = postProject
		{7DAD5B89-7951-412A-88BE-8FEE963D9877} = {7DAD5B89-7951-412A-88BE-8FEE963D9877}
	EndProjectSection
EndProject
Project("{FAE04EC0-301F-11D3-BF4B-00C04F79EFBC}") = "Server.Auth", "..\Server.Auth\Server.Auth.csproj", "{DC7F32CA-E3A8-4C30-AABB-2E31F863DE7D}"
	ProjectSection(ProjectDependencies) = postProject
		{5F10E9CE-B25A-4963-862B-05CA6F3268BE} = {5F10E9CE-B25A-4963-862B-05CA6F3268BE}
		{7DAD5B89-7951-412A-88BE-8FEE963D9877} = {7DAD5B89-7951-412A-88BE-8FEE963D9877}
	EndProjectSection
EndProject
Project("{FAE04EC0-301F-11D3-BF4B-00C04F79EFBC}") = "Client.Core", "..\Client.Core\Client.Core.csproj", "{427E7936-9B29-4265-8F95-D3A59F6BB13D}"
EndProject
Project("{FAE04EC0-301F-11D3-BF4B-00C04F79EFBC}") = "Client.FileSystem", "..\Client.FileSystem\Client.FileSystem.csproj", "{52C40EB8-7DB1-4682-B42B-3F53754741BE}"
EndProject
Project("{FAE04EC0-301F-11D3-BF4B-00C04F79EFBC}") = "Client.Network", "..\Client.Network\Client.Network.csproj", "{26B990A4-4C4C-4277-BD9D-54EFF2728231}"
EndProject
Project("{FAE04EC0-301F-11D3-BF4B-00C04F79EFBC}") = "Client.Storage", "..\Client.Storage\Client.Storage.csproj", "{6E3E6CAA-820C-4E9F-95B6-009E449791BD}"
EndProject
Global
	GlobalSection(SolutionConfigurationPlatforms) = preSolution
		Debug|Any CPU = Debug|Any CPU
		Release|Any CPU = Release|Any CPU
	EndGlobalSection
	GlobalSection(ProjectConfigurationPlatforms) = postSolution
		{EF4B4A4D-43C2-49D4-A2DD-1CCFE23F138E}.Debug|Any CPU.ActiveCfg = Debug|Any CPU
		{EF4B4A4D-43C2-49D4-A2DD-1CCFE23F138E}.Debug|Any CPU.Build.0 = Debug|Any CPU
		{EF4B4A4D-43C2-49D4-A2DD-1CCFE23F138E}.Release|Any CPU.ActiveCfg = Release|Any CPU
		{EF4B4A4D-43C2-49D4-A2DD-1CCFE23F138E}.Release|Any CPU.Build.0 = Release|Any CPU
		{5ACBE7E1-C1D9-463F-B2BB-CA3C76C4E5AF}.Debug|Any CPU.ActiveCfg = Debug|Any CPU
		{5ACBE7E1-C1D9-463F-B2BB-CA3C76C4E5AF}.Debug|Any CPU.Build.0 = Debug|Any CPU
		{5ACBE7E1-C1D9-463F-B2BB-CA3C76C4E5AF}.Release|Any CPU.ActiveCfg = Release|Any CPU
		{5ACBE7E1-C1D9-463F-B2BB-CA3C76C4E5AF}.Release|Any CPU.Build.0 = Release|Any CPU
		{7DAD5B89-7951-412A-88BE-8FEE963D9877}.Debug|Any CPU.ActiveCfg = Debug|Any CPU
		{7DAD5B89-7951-412A-88BE-8FEE963D9877}.Debug|Any CPU.Build.0 = Debug|Any CPU
		{7DAD5B89-7951-412A-88BE-8FEE963D9877}.Release|Any CPU.ActiveCfg = Release|Any CPU
		{7DAD5B89-7951-412A-88BE-8FEE963D9877}.Release|Any CPU.Build.0 = Release|Any CPU
		{CC466AF4-FC97-48EF-86D9-6A269CD64F94}.Debug|Any CPU.ActiveCfg = Debug|Any CPU
		{CC466AF4-FC97-48EF-86D9-6A269CD64F94}.Debug|Any CPU.Build.0 = Debug|Any CPU
		{CC466AF4-FC97-48EF-86D9-6A269CD64F94}.Release|Any CPU.ActiveCfg = Release|Any CPU
		{CC466AF4-FC97-48EF-86D9-6A269CD64F94}.Release|Any CPU.Build.0 = Release|Any CPU
		{5F10E9CE-B25A-4963-862B-05CA6F3268BE}.Debug|Any CPU.ActiveCfg = Debug|Any CPU
		{5F10E9CE-B25A-4963-862B-05CA6F3268BE}.Debug|Any CPU.Build.0 = Debug|Any CPU
		{5F10E9CE-B25A-4963-862B-05CA6F3268BE}.Release|Any CPU.ActiveCfg = Release|Any CPU
		{5F10E9CE-B25A-4963-862B-05CA6F3268BE}.Release|Any CPU.Build.0 = Release|Any CPU
		{DC7F32CA-E3A8-4C30-AABB-2E31F863DE7D}.Debug|Any CPU.ActiveCfg = Debug|Any CPU
		{DC7F32CA-E3A8-4C30-AABB-2E31F863DE7D}.Debug|Any CPU.Build.0 = Debug|Any CPU
		{DC7F32CA-E3A8-4C30-AABB-2E31F863DE7D}.Release|Any CPU.ActiveCfg = Release|Any CPU
		{DC7F32CA-E3A8-4C30-AABB-2E31F863DE7D}.Release|Any CPU.Build.0 = Release|Any CPU
		{427E7936-9B29-4265-8F95-D3A59F6BB13D}.Debug|Any CPU.ActiveCfg = Debug|Any CPU
		{427E7936-9B29-4265-8F95-D3A59F6BB13D}.Debug|Any CPU.Build.0 = Debug|Any CPU
		{427E7936-9B29-4265-8F95-D3A59F6BB13D}.Release|Any CPU.ActiveCfg = Release|Any CPU
		{427E7936-9B29-4265-8F95-D3A59F6BB13D}.Release|Any CPU.Build.0 = Release|Any CPU
		{52C40EB8-7DB1-4682-B42B-3F53754741BE}.Debug|Any CPU.ActiveCfg = Debug|Any CPU
		{52C40EB8-7DB1-4682-B42B-3F53754741BE}.Debug|Any CPU.Build.0 = Debug|Any CPU
		{52C40EB8-7DB1-4682-B42B-3F53754741BE}.Release|Any CPU.ActiveCfg = Release|Any CPU
		{52C40EB8-7DB1-4682-B42B-3F53754741BE}.Release|Any CPU.Build.0 = Release|Any CPU
		{26B990A4-4C4C-4277-BD9D-54EFF2728231}.Debug|Any CPU.ActiveCfg = Debug|Any CPU
		{26B990A4-4C4C-4277-BD9D-54EFF2728231}.Debug|Any CPU.Build.0 = Debug|Any CPU
		{26B990A4-4C4C-4277-BD9D-54EFF2728231}.Release|Any CPU.ActiveCfg = Release|Any CPU
		{26B990A4-4C4C-4277-BD9D-54EFF2728231}.Release|Any CPU.Build.0 = Release|Any CPU
		{6E3E6CAA-820C-4E9F-95B6-009E449791BD}.Debug|Any CPU.ActiveCfg = Debug|Any CPU
		{6E3E6CAA-820C-4E9F-95B6-009E449791BD}.Debug|Any CPU.Build.0 = Debug|Any CPU
		{6E3E6CAA-820C-4E9F-95B6-009E449791BD}.Release|Any CPU.ActiveCfg = Release|Any CPU
		{6E3E6CAA-820C-4E9F-95B6-009E449791BD}.Release|Any CPU.Build.0 = Release|Any CPU
	EndGlobalSection
	GlobalSection(SolutionProperties) = preSolution
		HideSolutionNode = FALSE
	EndGlobalSection
	GlobalSection(ExtensibilityGlobals) = postSolution
		SolutionGuid = {9EF99193-EC8D-401C-8C74-C2086B32ACE9}
	EndGlobalSection
EndGlobal
